
Microsoft Visual Studio Solution File, Format Version 12.00
# Visual Studio Version 17
VisualStudioVersion = 17.3.32811.315
MinimumVisualStudioVersion = 10.0.40219.1
Project("{9A19103F-16F7-4668-BE54-9A1E7A4F7556}") = "MMKTBackend.API", "MMKTBackend.API.csproj", "{8C48BFA4-4E81-4EB0-8EBE-695B1D5D0A41}"
EndProject
Project("{FAE04EC0-301F-11D3-BF4B-00C04F79EFBC}") = "MMKTBackend.Domain", "..\MMKTBackend.Domain\MMKTBackend.Domain.csproj", "{E7037984-2B27-407E-B275-A1A6BA271111}"
EndProject
Project("{FAE04EC0-301F-11D3-BF4B-00C04F79EFBC}") = "MMKTBackend.Application", "..\MMKTBackend.Application\MMKTBackend.Application.csproj", "{550779DF-B2A2-4753-BC66-038892A56E1C}"
EndProject
Project("{FAE04EC0-301F-11D3-BF4B-00C04F79EFBC}") = "MMKTBackend.Infrastructure", "..\MMKTBackend.Infrastructure\MMKTBackend.Infrastructure.csproj", "{5EC1EDEA-1289-4251-BF7F-54801C9BECB4}"
EndProject
Global
	GlobalSection(SolutionConfigurationPlatforms) = preSolution
		Debug|Any CPU = Debug|Any CPU
		Release|Any CPU = Release|Any CPU
	EndGlobalSection
	GlobalSection(ProjectConfigurationPlatforms) = postSolution
		{8C48BFA4-4E81-4EB0-8EBE-695B1D5D0A41}.Debug|Any CPU.ActiveCfg = Debug|Any CPU
		{8C48BFA4-4E81-4EB0-8EBE-695B1D5D0A41}.Debug|Any CPU.Build.0 = Debug|Any CPU
		{8C48BFA4-4E81-4EB0-8EBE-695B1D5D0A41}.Release|Any CPU.ActiveCfg = Release|Any CPU
		{8C48BFA4-4E81-4EB0-8EBE-695B1D5D0A41}.Release|Any CPU.Build.0 = Release|Any CPU
		{E7037984-2B27-407E-B275-A1A6BA271111}.Debug|Any CPU.ActiveCfg = Debug|Any CPU
		{E7037984-2B27-407E-B275-A1A6BA271111}.Debug|Any CPU.Build.0 = Debug|Any CPU
		{E7037984-2B27-407E-B275-A1A6BA271111}.Release|Any CPU.ActiveCfg = Release|Any CPU
		{E7037984-2B27-407E-B275-A1A6BA271111}.Release|Any CPU.Build.0 = Release|Any CPU
		{550779DF-B2A2-4753-BC66-038892A56E1C}.Debug|Any CPU.ActiveCfg = Debug|Any CPU
		{550779DF-B2A2-4753-BC66-038892A56E1C}.Debug|Any CPU.Build.0 = Debug|Any CPU
		{550779DF-B2A2-4753-BC66-038892A56E1C}.Release|Any CPU.ActiveCfg = Release|Any CPU
		{550779DF-B2A2-4753-BC66-038892A56E1C}.Release|Any CPU.Build.0 = Release|Any CPU
		{5EC1EDEA-1289-4251-BF7F-54801C9BECB4}.Debug|Any CPU.ActiveCfg = Debug|Any CPU
		{5EC1EDEA-1289-4251-BF7F-54801C9BECB4}.Debug|Any CPU.Build.0 = Debug|Any CPU
		{5EC1EDEA-1289-4251-BF7F-54801C9BECB4}.Release|Any CPU.ActiveCfg = Release|Any CPU
		{5EC1EDEA-1289-4251-BF7F-54801C9BECB4}.Release|Any CPU.Build.0 = Release|Any CPU
	EndGlobalSection
	GlobalSection(SolutionProperties) = preSolution
		HideSolutionNode = FALSE
	EndGlobalSection
	GlobalSection(ExtensibilityGlobals) = postSolution
		SolutionGuid = {BAD08003-915C-4588-ACB5-C49806C52F7D}
	EndGlobalSection
EndGlobal
